
Microsoft Visual Studio Solution File, Format Version 12.00
# Visual Studio Version 17
VisualStudioVersion = 17.6.33815.320
MinimumVisualStudioVersion = 10.0.40219.1
Project("{2150E333-8FDC-42A3-9474-1A3956D46DE8}") = "Presentation", "Presentation", "{22D0ED2A-4AEC-44B5-AFEF-74E7BC017719}"
EndProject
Project("{2150E333-8FDC-42A3-9474-1A3956D46DE8}") = "Core", "Core", "{525084C9-C9C0-4812-BD16-5C5446F50F23}"
EndProject
Project("{FAE04EC0-301F-11D3-BF4B-00C04F79EFBC}") = "BlazorCrud.Web", "BlazorCrud.Web\BlazorCrud.Web.csproj", "{A69CB7DB-1DC4-47D2-9550-D34A22D9BBE3}"
EndProject
Global
	GlobalSection(SolutionConfigurationPlatforms) = preSolution
		Debug|Any CPU = Debug|Any CPU
		Release|Any CPU = Release|Any CPU
	EndGlobalSection
	GlobalSection(ProjectConfigurationPlatforms) = postSolution
		{A69CB7DB-1DC4-47D2-9550-D34A22D9BBE3}.Debug|Any CPU.ActiveCfg = Debug|Any CPU
		{A69CB7DB-1DC4-47D2-9550-D34A22D9BBE3}.Debug|Any CPU.Build.0 = Debug|Any CPU
		{A69CB7DB-1DC4-47D2-9550-D34A22D9BBE3}.Release|Any CPU.ActiveCfg = Release|Any CPU
		{A69CB7DB-1DC4-47D2-9550-D34A22D9BBE3}.Release|Any CPU.Build.0 = Release|Any CPU
	EndGlobalSection
	GlobalSection(SolutionProperties) = preSolution
		HideSolutionNode = FALSE
	EndGlobalSection
	GlobalSection(NestedProjects) = preSolution
		{A69CB7DB-1DC4-47D2-9550-D34A22D9BBE3} = {22D0ED2A-4AEC-44B5-AFEF-74E7BC017719}
	EndGlobalSection
	GlobalSection(ExtensibilityGlobals) = postSolution
		SolutionGuid = {7B50F4AD-4E31-4E4E-854F-FDF32E5DD7E6}
	EndGlobalSection
EndGlobal
